
Microsoft Visual Studio Solution File, Format Version 12.00
# Visual Studio Version 16
VisualStudioVersion = 25.0.1703.7
MinimumVisualStudioVersion = 10.0.40219.1
Project("{FAE04EC0-301F-11D3-BF4B-00C04F79EFBC}") = "EFCoreSample.Api", "EFCoreSample.Api\EFCoreSample.Api.csproj", "{39AF6CA7-1C23-4AB4-B3F8-00234B62CC11}"
EndProject
Project("{FAE04EC0-301F-11D3-BF4B-00C04F79EFBC}") = "EFCoreSample.Data", "EFCoreSample.Data\EFCoreSample.Data.csproj", "{87A51D6C-5696-4B28-9A4E-792A6DCEEDF3}"
EndProject
Global
	GlobalSection(SolutionConfigurationPlatforms) = preSolution
		Debug|Any CPU = Debug|Any CPU
		Release|Any CPU = Release|Any CPU
	EndGlobalSection
	GlobalSection(ProjectConfigurationPlatforms) = postSolution
		{39AF6CA7-1C23-4AB4-B3F8-00234B62CC11}.Debug|Any CPU.ActiveCfg = Debug|Any CPU
		{39AF6CA7-1C23-4AB4-B3F8-00234B62CC11}.Debug|Any CPU.Build.0 = Debug|Any CPU
		{39AF6CA7-1C23-4AB4-B3F8-00234B62CC11}.Release|Any CPU.ActiveCfg = Release|Any CPU
		{39AF6CA7-1C23-4AB4-B3F8-00234B62CC11}.Release|Any CPU.Build.0 = Release|Any CPU
		{87A51D6C-5696-4B28-9A4E-792A6DCEEDF3}.Debug|Any CPU.ActiveCfg = Debug|Any CPU
		{87A51D6C-5696-4B28-9A4E-792A6DCEEDF3}.Debug|Any CPU.Build.0 = Debug|Any CPU
		{87A51D6C-5696-4B28-9A4E-792A6DCEEDF3}.Release|Any CPU.ActiveCfg = Release|Any CPU
		{87A51D6C-5696-4B28-9A4E-792A6DCEEDF3}.Release|Any CPU.Build.0 = Release|Any CPU
	EndGlobalSection
	GlobalSection(SolutionProperties) = preSolution
		HideSolutionNode = FALSE
	EndGlobalSection
	GlobalSection(ExtensibilityGlobals) = postSolution
		SolutionGuid = {ED616ABE-2A46-4570-9177-B7471BD96E18}
	EndGlobalSection
EndGlobal
